
Microsoft Visual Studio Solution File, Format Version 12.00
# Visual Studio Version 16
VisualStudioVersion = 16.0.30011.22
MinimumVisualStudioVersion = 10.0.40219.1
Project("{FAE04EC0-301F-11D3-BF4B-00C04F79EFBC}") = "DifferenceBetwen_“throw ex”_and_“throw”", "DifferenceBetwen_“throw ex”_and_“throw”\DifferenceBetwen_“throw ex”_and_“throw”.csproj", "{3A740D71-4032-4B78-9E5F-64AFC864E6CC}"
EndProject
Project("{FAE04EC0-301F-11D3-BF4B-00C04F79EFBC}") = "Customer", "Customer\Customer.csproj", "{23DFBAFA-0082-4C78-AAEB-5E2D61AA4252}"
EndProject
Global
	GlobalSection(SolutionConfigurationPlatforms) = preSolution
		Debug|Any CPU = Debug|Any CPU
		Release|Any CPU = Release|Any CPU
	EndGlobalSection
	GlobalSection(ProjectConfigurationPlatforms) = postSolution
		{3A740D71-4032-4B78-9E5F-64AFC864E6CC}.Debug|Any CPU.ActiveCfg = Debug|Any CPU
		{3A740D71-4032-4B78-9E5F-64AFC864E6CC}.Debug|Any CPU.Build.0 = Debug|Any CPU
		{3A740D71-4032-4B78-9E5F-64AFC864E6CC}.Release|Any CPU.ActiveCfg = Release|Any CPU
		{3A740D71-4032-4B78-9E5F-64AFC864E6CC}.Release|Any CPU.Build.0 = Release|Any CPU
		{23DFBAFA-0082-4C78-AAEB-5E2D61AA4252}.Debug|Any CPU.ActiveCfg = Debug|Any CPU
		{23DFBAFA-0082-4C78-AAEB-5E2D61AA4252}.Debug|Any CPU.Build.0 = Debug|Any CPU
		{23DFBAFA-0082-4C78-AAEB-5E2D61AA4252}.Release|Any CPU.ActiveCfg = Release|Any CPU
		{23DFBAFA-0082-4C78-AAEB-5E2D61AA4252}.Release|Any CPU.Build.0 = Release|Any CPU
	EndGlobalSection
	GlobalSection(SolutionProperties) = preSolution
		HideSolutionNode = FALSE
	EndGlobalSection
	GlobalSection(ExtensibilityGlobals) = postSolution
		SolutionGuid = {895908D7-3914-4A32-8CFB-7C6A947963A5}
	EndGlobalSection
EndGlobal
